
Microsoft Visual Studio Solution File, Format Version 12.00
# Visual Studio Version 17
VisualStudioVersion = 17.11.35222.181
MinimumVisualStudioVersion = 10.0.40219.1
Project("{FAE04EC0-301F-11D3-BF4B-00C04F79EFBC}") = "INFO350-ClassAssignment3", "INFO350-ClassAssignment3.csproj", "{107D7E51-A8A3-468D-8F27-4FE5F85B9184}"
EndProject
Global
	GlobalSection(SolutionConfigurationPlatforms) = preSolution
		Debug|Any CPU = Debug|Any CPU
		Release|Any CPU = Release|Any CPU
	EndGlobalSection
	GlobalSection(ProjectConfigurationPlatforms) = postSolution
		{107D7E51-A8A3-468D-8F27-4FE5F85B9184}.Debug|Any CPU.ActiveCfg = Debug|Any CPU
		{107D7E51-A8A3-468D-8F27-4FE5F85B9184}.Debug|Any CPU.Build.0 = Debug|Any CPU
		{107D7E51-A8A3-468D-8F27-4FE5F85B9184}.Release|Any CPU.ActiveCfg = Release|Any CPU
		{107D7E51-A8A3-468D-8F27-4FE5F85B9184}.Release|Any CPU.Build.0 = Release|Any CPU
	EndGlobalSection
	GlobalSection(SolutionProperties) = preSolution
		HideSolutionNode = FALSE
	EndGlobalSection
	GlobalSection(ExtensibilityGlobals) = postSolution
		SolutionGuid = {9ED2BFA5-5981-4DF4-B0BB-104C8E0B50D8}
	EndGlobalSection
EndGlobal
